
Microsoft Visual Studio Solution File, Format Version 12.00
# Visual Studio Version 16
VisualStudioVersion = 16.0.30011.22
MinimumVisualStudioVersion = 10.0.40219.1
Project("{FAE04EC0-301F-11D3-BF4B-00C04F79EFBC}") = "Game Of Life", "Game Of Life\Game Of Life.csproj", "{561D40B8-321B-4E35-B1B3-4774AEA77B19}"
EndProject
Global
	GlobalSection(SolutionConfigurationPlatforms) = preSolution
		Debug|Any CPU = Debug|Any CPU
		Release|Any CPU = Release|Any CPU
	EndGlobalSection
	GlobalSection(ProjectConfigurationPlatforms) = postSolution
		{561D40B8-321B-4E35-B1B3-4774AEA77B19}.Debug|Any CPU.ActiveCfg = Debug|Any CPU
		{561D40B8-321B-4E35-B1B3-4774AEA77B19}.Debug|Any CPU.Build.0 = Debug|Any CPU
		{561D40B8-321B-4E35-B1B3-4774AEA77B19}.Release|Any CPU.ActiveCfg = Release|Any CPU
		{561D40B8-321B-4E35-B1B3-4774AEA77B19}.Release|Any CPU.Build.0 = Release|Any CPU
	EndGlobalSection
	GlobalSection(SolutionProperties) = preSolution
		HideSolutionNode = FALSE
	EndGlobalSection
	GlobalSection(ExtensibilityGlobals) = postSolution
		SolutionGuid = {2153C194-53D4-486F-BB63-F76931EFC9E4}
	EndGlobalSection
EndGlobal
